
Microsoft Visual Studio Solution File, Format Version 12.00
# Visual Studio 14
VisualStudioVersion = 14.0.25420.1
MinimumVisualStudioVersion = 10.0.40219.1
Project("{FAE04EC0-301F-11D3-BF4B-00C04F79EFBC}") = "ContextLibrary", "ContextLibrary\ContextLibrary.csproj", "{EC0A0FEC-8A9A-44F4-B171-CE99AB7E369F}"
EndProject
Project("{FAE04EC0-301F-11D3-BF4B-00C04F79EFBC}") = "AzureDocumentDbDriver", "AzureDocumentDbDriver\AzureDocumentDbDriver.csproj", "{634AB57F-E052-459E-BC22-24933427D302}"
EndProject
Project("{2150E333-8FDC-42A3-9474-1A3956D46DE8}") = "Key", "Key", "{DF881C26-53A4-4225-823F-205E24B9FE20}"
	ProjectSection(SolutionItems) = preProject
		Key\AzureDocumentDbProviderSign.pfx = Key\AzureDocumentDbProviderSign.pfx
	EndProjectSection
EndProject
Project("{FAE04EC0-301F-11D3-BF4B-00C04F79EFBC}") = "StaticDriverDataContext", "StaticDriverDataContext\StaticDriverDataContext.csproj", "{ABB7030F-9125-4EB3-9529-8EAB4957ED20}"
EndProject
Global
	GlobalSection(SolutionConfigurationPlatforms) = preSolution
		Debug|Any CPU = Debug|Any CPU
		Release|Any CPU = Release|Any CPU
	EndGlobalSection
	GlobalSection(ProjectConfigurationPlatforms) = postSolution
		{EC0A0FEC-8A9A-44F4-B171-CE99AB7E369F}.Debug|Any CPU.ActiveCfg = Debug|Any CPU
		{EC0A0FEC-8A9A-44F4-B171-CE99AB7E369F}.Debug|Any CPU.Build.0 = Debug|Any CPU
		{EC0A0FEC-8A9A-44F4-B171-CE99AB7E369F}.Release|Any CPU.ActiveCfg = Release|Any CPU
		{EC0A0FEC-8A9A-44F4-B171-CE99AB7E369F}.Release|Any CPU.Build.0 = Release|Any CPU
		{634AB57F-E052-459E-BC22-24933427D302}.Debug|Any CPU.ActiveCfg = Debug|Any CPU
		{634AB57F-E052-459E-BC22-24933427D302}.Debug|Any CPU.Build.0 = Debug|Any CPU
		{634AB57F-E052-459E-BC22-24933427D302}.Release|Any CPU.ActiveCfg = Release|Any CPU
		{634AB57F-E052-459E-BC22-24933427D302}.Release|Any CPU.Build.0 = Release|Any CPU
		{ABB7030F-9125-4EB3-9529-8EAB4957ED20}.Debug|Any CPU.ActiveCfg = Debug|Any CPU
		{ABB7030F-9125-4EB3-9529-8EAB4957ED20}.Debug|Any CPU.Build.0 = Debug|Any CPU
		{ABB7030F-9125-4EB3-9529-8EAB4957ED20}.Release|Any CPU.ActiveCfg = Release|Any CPU
		{ABB7030F-9125-4EB3-9529-8EAB4957ED20}.Release|Any CPU.Build.0 = Release|Any CPU
	EndGlobalSection
	GlobalSection(SolutionProperties) = preSolution
		HideSolutionNode = FALSE
	EndGlobalSection
EndGlobal
